// !$*UTF8*$!
{
	archiveVersion = 1;
	classes = {
	};
	objectVersion = 51;
	objects = {

/* Begin PBXBuildFile section */
		8E1776C228FFD40A20E05C32 /* Pods_MediAppTests.framework in Frameworks */ = {isa = PBXBuildFile; fileRef = A39B80C99017C8219323CFDF /* Pods_MediAppTests.framework */; };
		B3B59C51240F6CDAA4D322B5 /* Pods_MediApp.framework in Frameworks */ = {isa = PBXBuildFile; fileRef = DC5ACF762A90ABA92D052BBE /* Pods_MediApp.framework */; };
		D1D21FCD246171C70044AC93 /* AppDelegate.m in Sources */ = {isa = PBXBuildFile; fileRef = D1D21FCC246171C70044AC93 /* AppDelegate.m */; };
		D1D21FD0246171C70044AC93 /* SceneDelegate.m in Sources */ = {isa = PBXBuildFile; fileRef = D1D21FCF246171C70044AC93 /* SceneDelegate.m */; };
		D1D21FD6246171C70044AC93 /* Main.storyboard in Resources */ = {isa = PBXBuildFile; fileRef = D1D21FD4246171C70044AC93 /* Main.storyboard */; };
		D1D21FD9246171C70044AC93 /* MediApp.xcdatamodeld in Sources */ = {isa = PBXBuildFile; fileRef = D1D21FD7246171C70044AC93 /* MediApp.xcdatamodeld */; };
		D1D21FDB246171C80044AC93 /* Assets.xcassets in Resources */ = {isa = PBXBuildFile; fileRef = D1D21FDA246171C80044AC93 /* Assets.xcassets */; };
		D1D21FDE246171C80044AC93 /* LaunchScreen.storyboard in Resources */ = {isa = PBXBuildFile; fileRef = D1D21FDC246171C80044AC93 /* LaunchScreen.storyboard */; };
		D1D21FE1246171C80044AC93 /* main.m in Sources */ = {isa = PBXBuildFile; fileRef = D1D21FE0246171C80044AC93 /* main.m */; };
		D1D21FEB246171C80044AC93 /* MediAppTests.m in Sources */ = {isa = PBXBuildFile; fileRef = D1D21FEA246171C80044AC93 /* MediAppTests.m */; };
		D1D21FF6246171C80044AC93 /* MediAppUITests.m in Sources */ = {isa = PBXBuildFile; fileRef = D1D21FF5246171C80044AC93 /* MediAppUITests.m */; };
		D1D220042461759A0044AC93 /* GoogleService-Info.plist in Resources */ = {isa = PBXBuildFile; fileRef = D1D220032461759A0044AC93 /* GoogleService-Info.plist */; };
		D1D2200A24617E700044AC93 /* ITS_LoginViewController.m in Sources */ = {isa = PBXBuildFile; fileRef = D1D2200924617E700044AC93 /* ITS_LoginViewController.m */; };
		D1D2200F2461860F0044AC93 /* ITS_Colors.m in Sources */ = {isa = PBXBuildFile; fileRef = D1D2200E2461860F0044AC93 /* ITS_Colors.m */; };
		D1D220172461ACFB0044AC93 /* ITS_TextFieldComponent.m in Sources */ = {isa = PBXBuildFile; fileRef = D1D220162461ACFB0044AC93 /* ITS_TextFieldComponent.m */; };
		D1D220192461AD090044AC93 /* ITS_TextFieldComponent.xib in Resources */ = {isa = PBXBuildFile; fileRef = D1D220182461AD090044AC93 /* ITS_TextFieldComponent.xib */; };
		D1D2201A2461B14D0044AC93 /* SF-Pro-Text-Semibold.otf in Resources */ = {isa = PBXBuildFile; fileRef = D1D220112461A9040044AC93 /* SF-Pro-Text-Semibold.otf */; };
		D1D2201B2461B14D0044AC93 /* SF-Pro-Text-Regular.otf in Resources */ = {isa = PBXBuildFile; fileRef = D1D220122461A90D0044AC93 /* SF-Pro-Text-Regular.otf */; };
		D1D2201C2461B14D0044AC93 /* SF-Pro-Text-RegularItalic.otf in Resources */ = {isa = PBXBuildFile; fileRef = D1D220142461A9150044AC93 /* SF-Pro-Text-RegularItalic.otf */; };
		D1D2201D2461B14D0044AC93 /* SF-Pro-Text-SemiboldItalic.otf in Resources */ = {isa = PBXBuildFile; fileRef = D1D220132461A9150044AC93 /* SF-Pro-Text-SemiboldItalic.otf */; };
		D1D220202462AA740044AC93 /* ITS_ViewController.m in Sources */ = {isa = PBXBuildFile; fileRef = D1D2201F2462AA740044AC93 /* ITS_ViewController.m */; };
		D1D220242462B4AC0044AC93 /* ITS_Enums.m in Sources */ = {isa = PBXBuildFile; fileRef = D1D220232462B4AC0044AC93 /* ITS_Enums.m */; };
		D1D220282462D4100044AC93 /* ITS_FirebaseManager.m in Sources */ = {isa = PBXBuildFile; fileRef = D1D220272462D4100044AC93 /* ITS_FirebaseManager.m */; };
		D1D2202B2462D4270044AC93 /* ITS_Repository.m in Sources */ = {isa = PBXBuildFile; fileRef = D1D2202A2462D4270044AC93 /* ITS_Repository.m */; };
		D1D2202F2462EBDD0044AC93 /* ITS_LoginViewModel.m in Sources */ = {isa = PBXBuildFile; fileRef = D1D2202E2462EBDD0044AC93 /* ITS_LoginViewModel.m */; };
		D1D22035246302B80044AC93 /* ITS_ServiceErrorHandler.m in Sources */ = {isa = PBXBuildFile; fileRef = D1D22034246302B80044AC93 /* ITS_ServiceErrorHandler.m */; };
		F0B7E32E8CBE8093E6099263 /* Pods_MediApp_MediAppUITests.framework in Frameworks */ = {isa = PBXBuildFile; fileRef = 4E6221D7ED31C1D09ADE39D8 /* Pods_MediApp_MediAppUITests.framework */; };
/* End PBXBuildFile section */

/* Begin PBXContainerItemProxy section */
		D1D21FE7246171C80044AC93 /* PBXContainerItemProxy */ = {
			isa = PBXContainerItemProxy;
			containerPortal = D1D21FC0246171C60044AC93 /* Project object */;
			proxyType = 1;
			remoteGlobalIDString = D1D21FC7246171C70044AC93;
			remoteInfo = MediApp;
		};
		D1D21FF2246171C80044AC93 /* PBXContainerItemProxy */ = {
			isa = PBXContainerItemProxy;
			containerPortal = D1D21FC0246171C60044AC93 /* Project object */;
			proxyType = 1;
			remoteGlobalIDString = D1D21FC7246171C70044AC93;
			remoteInfo = MediApp;
		};
/* End PBXContainerItemProxy section */

/* Begin PBXFileReference section */
		17CBA3656AFF1A99ACC62390 /* Pods-MediApp.debug.xcconfig */ = {isa = PBXFileReference; includeInIndex = 1; lastKnownFileType = text.xcconfig; name = "Pods-MediApp.debug.xcconfig"; path = "Target Support Files/Pods-MediApp/Pods-MediApp.debug.xcconfig"; sourceTree = "<group>"; };
		24B027625AFE71BCBC7BF99E /* Pods-MediApp-MediAppUITests.release.xcconfig */ = {isa = PBXFileReference; includeInIndex = 1; lastKnownFileType = text.xcconfig; name = "Pods-MediApp-MediAppUITests.release.xcconfig"; path = "Target Support Files/Pods-MediApp-MediAppUITests/Pods-MediApp-MediAppUITests.release.xcconfig"; sourceTree = "<group>"; };
		254DE9D0F18D0F7F390E6877 /* Pods-MediApp-MediAppUITests.debug.xcconfig */ = {isa = PBXFileReference; includeInIndex = 1; lastKnownFileType = text.xcconfig; name = "Pods-MediApp-MediAppUITests.debug.xcconfig"; path = "Target Support Files/Pods-MediApp-MediAppUITests/Pods-MediApp-MediAppUITests.debug.xcconfig"; sourceTree = "<group>"; };
		4E6221D7ED31C1D09ADE39D8 /* Pods_MediApp_MediAppUITests.framework */ = {isa = PBXFileReference; explicitFileType = wrapper.framework; includeInIndex = 0; path = Pods_MediApp_MediAppUITests.framework; sourceTree = BUILT_PRODUCTS_DIR; };
		655A3939EC4F54B73E0177AD /* Pods-MediApp.release.xcconfig */ = {isa = PBXFileReference; includeInIndex = 1; lastKnownFileType = text.xcconfig; name = "Pods-MediApp.release.xcconfig"; path = "Target Support Files/Pods-MediApp/Pods-MediApp.release.xcconfig"; sourceTree = "<group>"; };
		724613EC9AE1B341FD50BE85 /* Pods-MediAppTests.release.xcconfig */ = {isa = PBXFileReference; includeInIndex = 1; lastKnownFileType = text.xcconfig; name = "Pods-MediAppTests.release.xcconfig"; path = "Target Support Files/Pods-MediAppTests/Pods-MediAppTests.release.xcconfig"; sourceTree = "<group>"; };
		A39B80C99017C8219323CFDF /* Pods_MediAppTests.framework */ = {isa = PBXFileReference; explicitFileType = wrapper.framework; includeInIndex = 0; path = Pods_MediAppTests.framework; sourceTree = BUILT_PRODUCTS_DIR; };
		CC47EFABBA977A39C3AE20BC /* Pods-MediAppTests.debug.xcconfig */ = {isa = PBXFileReference; includeInIndex = 1; lastKnownFileType = text.xcconfig; name = "Pods-MediAppTests.debug.xcconfig"; path = "Target Support Files/Pods-MediAppTests/Pods-MediAppTests.debug.xcconfig"; sourceTree = "<group>"; };
		D1D21FC8246171C70044AC93 /* MediApp.app */ = {isa = PBXFileReference; explicitFileType = wrapper.application; includeInIndex = 0; path = MediApp.app; sourceTree = BUILT_PRODUCTS_DIR; };
		D1D21FCB246171C70044AC93 /* AppDelegate.h */ = {isa = PBXFileReference; lastKnownFileType = sourcecode.c.h; path = AppDelegate.h; sourceTree = "<group>"; };
		D1D21FCC246171C70044AC93 /* AppDelegate.m */ = {isa = PBXFileReference; lastKnownFileType = sourcecode.c.objc; path = AppDelegate.m; sourceTree = "<group>"; };
		D1D21FCE246171C70044AC93 /* SceneDelegate.h */ = {isa = PBXFileReference; lastKnownFileType = sourcecode.c.h; path = SceneDelegate.h; sourceTree = "<group>"; };
		D1D21FCF246171C70044AC93 /* SceneDelegate.m */ = {isa = PBXFileReference; lastKnownFileType = sourcecode.c.objc; path = SceneDelegate.m; sourceTree = "<group>"; };
		D1D21FD5246171C70044AC93 /* Base */ = {isa = PBXFileReference; lastKnownFileType = file.storyboard; name = Base; path = Base.lproj/Main.storyboard; sourceTree = "<group>"; };
		D1D21FD8246171C70044AC93 /* MediApp.xcdatamodel */ = {isa = PBXFileReference; lastKnownFileType = wrapper.xcdatamodel; path = MediApp.xcdatamodel; sourceTree = "<group>"; };
		D1D21FDA246171C80044AC93 /* Assets.xcassets */ = {isa = PBXFileReference; lastKnownFileType = folder.assetcatalog; path = Assets.xcassets; sourceTree = "<group>"; };
		D1D21FDD246171C80044AC93 /* Base */ = {isa = PBXFileReference; lastKnownFileType = file.storyboard; name = Base; path = Base.lproj/LaunchScreen.storyboard; sourceTree = "<group>"; };
		D1D21FDF246171C80044AC93 /* Info.plist */ = {isa = PBXFileReference; lastKnownFileType = text.plist.xml; path = Info.plist; sourceTree = "<group>"; };
		D1D21FE0246171C80044AC93 /* main.m */ = {isa = PBXFileReference; lastKnownFileType = sourcecode.c.objc; path = main.m; sourceTree = "<group>"; };
		D1D21FE6246171C80044AC93 /* MediAppTests.xctest */ = {isa = PBXFileReference; explicitFileType = wrapper.cfbundle; includeInIndex = 0; path = MediAppTests.xctest; sourceTree = BUILT_PRODUCTS_DIR; };
		D1D21FEA246171C80044AC93 /* MediAppTests.m */ = {isa = PBXFileReference; lastKnownFileType = sourcecode.c.objc; path = MediAppTests.m; sourceTree = "<group>"; };
		D1D21FEC246171C80044AC93 /* Info.plist */ = {isa = PBXFileReference; lastKnownFileType = text.plist.xml; path = Info.plist; sourceTree = "<group>"; };
		D1D21FF1246171C80044AC93 /* MediAppUITests.xctest */ = {isa = PBXFileReference; explicitFileType = wrapper.cfbundle; includeInIndex = 0; path = MediAppUITests.xctest; sourceTree = BUILT_PRODUCTS_DIR; };
		D1D21FF5246171C80044AC93 /* MediAppUITests.m */ = {isa = PBXFileReference; lastKnownFileType = sourcecode.c.objc; path = MediAppUITests.m; sourceTree = "<group>"; };
		D1D21FF7246171C80044AC93 /* Info.plist */ = {isa = PBXFileReference; lastKnownFileType = text.plist.xml; path = Info.plist; sourceTree = "<group>"; };
		D1D220032461759A0044AC93 /* GoogleService-Info.plist */ = {isa = PBXFileReference; fileEncoding = 4; lastKnownFileType = text.plist.xml; name = "GoogleService-Info.plist"; path = "../../../Downloads/GoogleService-Info.plist"; sourceTree = "<group>"; };
		D1D220052461759F0044AC93 /* GoogleService-Info.plist */ = {isa = PBXFileReference; lastKnownFileType = text.plist.xml; path = "GoogleService-Info.plist"; sourceTree = "<group>"; };
		D1D2200824617E700044AC93 /* ITS_LoginViewController.h */ = {isa = PBXFileReference; lastKnownFileType = sourcecode.c.h; path = ITS_LoginViewController.h; sourceTree = "<group>"; };
		D1D2200924617E700044AC93 /* ITS_LoginViewController.m */ = {isa = PBXFileReference; lastKnownFileType = sourcecode.c.objc; path = ITS_LoginViewController.m; sourceTree = "<group>"; };
		D1D2200D2461860F0044AC93 /* ITS_Colors.h */ = {isa = PBXFileReference; lastKnownFileType = sourcecode.c.h; path = ITS_Colors.h; sourceTree = "<group>"; };
		D1D2200E2461860F0044AC93 /* ITS_Colors.m */ = {isa = PBXFileReference; lastKnownFileType = sourcecode.c.objc; path = ITS_Colors.m; sourceTree = "<group>"; };
		D1D220112461A9040044AC93 /* SF-Pro-Text-Semibold.otf */ = {isa = PBXFileReference; lastKnownFileType = file; name = "SF-Pro-Text-Semibold.otf"; path = "../../../../../../../Library/Fonts/SF-Pro-Text-Semibold.otf"; sourceTree = "<group>"; };
		D1D220122461A90D0044AC93 /* SF-Pro-Text-Regular.otf */ = {isa = PBXFileReference; lastKnownFileType = file; name = "SF-Pro-Text-Regular.otf"; path = "../../../../../../../Library/Fonts/SF-Pro-Text-Regular.otf"; sourceTree = "<group>"; };
		D1D220132461A9150044AC93 /* SF-Pro-Text-SemiboldItalic.otf */ = {isa = PBXFileReference; lastKnownFileType = file; name = "SF-Pro-Text-SemiboldItalic.otf"; path = "../../../../../../../Library/Fonts/SF-Pro-Text-SemiboldItalic.otf"; sourceTree = "<group>"; };
		D1D220142461A9150044AC93 /* SF-Pro-Text-RegularItalic.otf */ = {isa = PBXFileReference; lastKnownFileType = file; name = "SF-Pro-Text-RegularItalic.otf"; path = "../../../../../../../Library/Fonts/SF-Pro-Text-RegularItalic.otf"; sourceTree = "<group>"; };
		D1D220152461ACFB0044AC93 /* ITS_TextFieldComponent.h */ = {isa = PBXFileReference; lastKnownFileType = sourcecode.c.h; path = ITS_TextFieldComponent.h; sourceTree = "<group>"; };
		D1D220162461ACFB0044AC93 /* ITS_TextFieldComponent.m */ = {isa = PBXFileReference; lastKnownFileType = sourcecode.c.objc; path = ITS_TextFieldComponent.m; sourceTree = "<group>"; };
		D1D220182461AD090044AC93 /* ITS_TextFieldComponent.xib */ = {isa = PBXFileReference; lastKnownFileType = file.xib; path = ITS_TextFieldComponent.xib; sourceTree = "<group>"; };
		D1D2201E2462AA740044AC93 /* ITS_ViewController.h */ = {isa = PBXFileReference; lastKnownFileType = sourcecode.c.h; path = ITS_ViewController.h; sourceTree = "<group>"; };
		D1D2201F2462AA740044AC93 /* ITS_ViewController.m */ = {isa = PBXFileReference; lastKnownFileType = sourcecode.c.objc; path = ITS_ViewController.m; sourceTree = "<group>"; };
		D1D220222462B4AC0044AC93 /* ITS_Enums.h */ = {isa = PBXFileReference; lastKnownFileType = sourcecode.c.h; path = ITS_Enums.h; sourceTree = "<group>"; };
		D1D220232462B4AC0044AC93 /* ITS_Enums.m */ = {isa = PBXFileReference; lastKnownFileType = sourcecode.c.objc; path = ITS_Enums.m; sourceTree = "<group>"; };
		D1D220262462D4100044AC93 /* ITS_FirebaseManager.h */ = {isa = PBXFileReference; lastKnownFileType = sourcecode.c.h; path = ITS_FirebaseManager.h; sourceTree = "<group>"; };
		D1D220272462D4100044AC93 /* ITS_FirebaseManager.m */ = {isa = PBXFileReference; lastKnownFileType = sourcecode.c.objc; path = ITS_FirebaseManager.m; sourceTree = "<group>"; };
		D1D220292462D4270044AC93 /* ITS_Repository.h */ = {isa = PBXFileReference; lastKnownFileType = sourcecode.c.h; path = ITS_Repository.h; sourceTree = "<group>"; };
		D1D2202A2462D4270044AC93 /* ITS_Repository.m */ = {isa = PBXFileReference; lastKnownFileType = sourcecode.c.objc; path = ITS_Repository.m; sourceTree = "<group>"; };
		D1D2202D2462EBDD0044AC93 /* ITS_LoginViewModel.h */ = {isa = PBXFileReference; lastKnownFileType = sourcecode.c.h; path = ITS_LoginViewModel.h; sourceTree = "<group>"; };
		D1D2202E2462EBDD0044AC93 /* ITS_LoginViewModel.m */ = {isa = PBXFileReference; lastKnownFileType = sourcecode.c.objc; path = ITS_LoginViewModel.m; sourceTree = "<group>"; };
		D1D22033246302B80044AC93 /* ITS_ServiceErrorHandler.h */ = {isa = PBXFileReference; lastKnownFileType = sourcecode.c.h; path = ITS_ServiceErrorHandler.h; sourceTree = "<group>"; };
		D1D22034246302B80044AC93 /* ITS_ServiceErrorHandler.m */ = {isa = PBXFileReference; lastKnownFileType = sourcecode.c.objc; path = ITS_ServiceErrorHandler.m; sourceTree = "<group>"; };
		DC5ACF762A90ABA92D052BBE /* Pods_MediApp.framework */ = {isa = PBXFileReference; explicitFileType = wrapper.framework; includeInIndex = 0; path = Pods_MediApp.framework; sourceTree = BUILT_PRODUCTS_DIR; };
/* End PBXFileReference section */

/* Begin PBXFrameworksBuildPhase section */
		D1D21FC5246171C70044AC93 /* Frameworks */ = {
			isa = PBXFrameworksBuildPhase;
			buildActionMask = 2147483647;
			files = (
				B3B59C51240F6CDAA4D322B5 /* Pods_MediApp.framework in Frameworks */,
			);
			runOnlyForDeploymentPostprocessing = 0;
		};
		D1D21FE3246171C80044AC93 /* Frameworks */ = {
			isa = PBXFrameworksBuildPhase;
			buildActionMask = 2147483647;
			files = (
				8E1776C228FFD40A20E05C32 /* Pods_MediAppTests.framework in Frameworks */,
			);
			runOnlyForDeploymentPostprocessing = 0;
		};
		D1D21FEE246171C80044AC93 /* Frameworks */ = {
			isa = PBXFrameworksBuildPhase;
			buildActionMask = 2147483647;
			files = (
				F0B7E32E8CBE8093E6099263 /* Pods_MediApp_MediAppUITests.framework in Frameworks */,
			);
			runOnlyForDeploymentPostprocessing = 0;
		};
/* End PBXFrameworksBuildPhase section */

/* Begin PBXGroup section */
		966B58DE17001C57CBB2E2D2 /* Frameworks */ = {
			isa = PBXGroup;
			children = (
				DC5ACF762A90ABA92D052BBE /* Pods_MediApp.framework */,
				4E6221D7ED31C1D09ADE39D8 /* Pods_MediApp_MediAppUITests.framework */,
				A39B80C99017C8219323CFDF /* Pods_MediAppTests.framework */,
			);
			name = Frameworks;
			sourceTree = "<group>";
		};
		C1936A1FFD616AF55A237097 /* Pods */ = {
			isa = PBXGroup;
			children = (
				17CBA3656AFF1A99ACC62390 /* Pods-MediApp.debug.xcconfig */,
				655A3939EC4F54B73E0177AD /* Pods-MediApp.release.xcconfig */,
				254DE9D0F18D0F7F390E6877 /* Pods-MediApp-MediAppUITests.debug.xcconfig */,
				24B027625AFE71BCBC7BF99E /* Pods-MediApp-MediAppUITests.release.xcconfig */,
				CC47EFABBA977A39C3AE20BC /* Pods-MediAppTests.debug.xcconfig */,
				724613EC9AE1B341FD50BE85 /* Pods-MediAppTests.release.xcconfig */,
			);
			path = Pods;
			sourceTree = "<group>";
		};
		D1D21FBF246171C60044AC93 = {
			isa = PBXGroup;
			children = (
				D1D21FCA246171C70044AC93 /* MediApp */,
				D1D220032461759A0044AC93 /* GoogleService-Info.plist */,
				D1D220102461A8FB0044AC93 /* Fonts */,
				D1D21FE9246171C80044AC93 /* MediAppTests */,
				D1D21FF4246171C80044AC93 /* MediAppUITests */,
				D1D21FC9246171C70044AC93 /* Products */,
				C1936A1FFD616AF55A237097 /* Pods */,
				966B58DE17001C57CBB2E2D2 /* Frameworks */,
			);
			sourceTree = "<group>";
		};
		D1D21FC9246171C70044AC93 /* Products */ = {
			isa = PBXGroup;
			children = (
				D1D21FC8246171C70044AC93 /* MediApp.app */,
				D1D21FE6246171C80044AC93 /* MediAppTests.xctest */,
				D1D21FF1246171C80044AC93 /* MediAppUITests.xctest */,
			);
			name = Products;
			sourceTree = "<group>";
		};
		D1D21FCA246171C70044AC93 /* MediApp */ = {
			isa = PBXGroup;
			children = (
				D1D220212462B49C0044AC93 /* ITS_Utils */,
				D1D2200B246185AD0044AC93 /* ITS_CustomControls */,
				D1D2200724617E240044AC93 /* ITS_ViewControllers */,
				D1D2200624617E130044AC93 /* Storyboards */,
				D1D220252462D3F50044AC93 /* ITS_Services */,
				D1D21FDA246171C80044AC93 /* Assets.xcassets */,
				D1D21FCB246171C70044AC93 /* AppDelegate.h */,
				D1D21FCC246171C70044AC93 /* AppDelegate.m */,
				D1D21FCE246171C70044AC93 /* SceneDelegate.h */,
				D1D21FCF246171C70044AC93 /* SceneDelegate.m */,
				D1D21FDF246171C80044AC93 /* Info.plist */,
				D1D21FE0246171C80044AC93 /* main.m */,
				D1D220052461759F0044AC93 /* GoogleService-Info.plist */,
				D1D21FD7246171C70044AC93 /* MediApp.xcdatamodeld */,
			);
			path = MediApp;
			sourceTree = "<group>";
		};
		D1D21FE9246171C80044AC93 /* MediAppTests */ = {
			isa = PBXGroup;
			children = (
				D1D21FEA246171C80044AC93 /* MediAppTests.m */,
				D1D21FEC246171C80044AC93 /* Info.plist */,
			);
			path = MediAppTests;
			sourceTree = "<group>";
		};
		D1D21FF4246171C80044AC93 /* MediAppUITests */ = {
			isa = PBXGroup;
			children = (
				D1D21FF5246171C80044AC93 /* MediAppUITests.m */,
				D1D21FF7246171C80044AC93 /* Info.plist */,
			);
			path = MediAppUITests;
			sourceTree = "<group>";
		};
		D1D2200624617E130044AC93 /* Storyboards */ = {
			isa = PBXGroup;
			children = (
				D1D21FD4246171C70044AC93 /* Main.storyboard */,
				D1D21FDC246171C80044AC93 /* LaunchScreen.storyboard */,
			);
			path = Storyboards;
			sourceTree = "<group>";
		};
		D1D2200724617E240044AC93 /* ITS_ViewControllers */ = {
			isa = PBXGroup;
			children = (
				D1D2201E2462AA740044AC93 /* ITS_ViewController.h */,
				D1D2201F2462AA740044AC93 /* ITS_ViewController.m */,
				D1D2200824617E700044AC93 /* ITS_LoginViewController.h */,
				D1D2200924617E700044AC93 /* ITS_LoginViewController.m */,
			);
			path = ITS_ViewControllers;
			sourceTree = "<group>";
		};
		D1D2200B246185AD0044AC93 /* ITS_CustomControls */ = {
			isa = PBXGroup;
			children = (
				D1D2202C2462EBC90044AC93 /* VIewModels */,
				D1D2200C246185C60044AC93 /* Design */,
			);
			path = ITS_CustomControls;
			sourceTree = "<group>";
		};
		D1D2200C246185C60044AC93 /* Design */ = {
			isa = PBXGroup;
			children = (
				D1D2200D2461860F0044AC93 /* ITS_Colors.h */,
				D1D2200E2461860F0044AC93 /* ITS_Colors.m */,
				D1D220152461ACFB0044AC93 /* ITS_TextFieldComponent.h */,
				D1D220162461ACFB0044AC93 /* ITS_TextFieldComponent.m */,
				D1D220182461AD090044AC93 /* ITS_TextFieldComponent.xib */,
			);
			path = Design;
			sourceTree = "<group>";
		};
		D1D220102461A8FB0044AC93 /* Fonts */ = {
			isa = PBXGroup;
			children = (
				D1D220112461A9040044AC93 /* SF-Pro-Text-Semibold.otf */,
				D1D220122461A90D0044AC93 /* SF-Pro-Text-Regular.otf */,
				D1D220142461A9150044AC93 /* SF-Pro-Text-RegularItalic.otf */,
				D1D220132461A9150044AC93 /* SF-Pro-Text-SemiboldItalic.otf */,
			);
			path = Fonts;
			sourceTree = "<group>";
		};
		D1D220212462B49C0044AC93 /* ITS_Utils */ = {
			isa = PBXGroup;
			children = (
				D1D220222462B4AC0044AC93 /* ITS_Enums.h */,
				D1D220232462B4AC0044AC93 /* ITS_Enums.m */,
			);
			path = ITS_Utils;
			sourceTree = "<group>";
		};
		D1D220252462D3F50044AC93 /* ITS_Services */ = {
			isa = PBXGroup;
			children = (
				D1D220292462D4270044AC93 /* ITS_Repository.h */,
				D1D2202A2462D4270044AC93 /* ITS_Repository.m */,
				D1D220262462D4100044AC93 /* ITS_FirebaseManager.h */,
				D1D220272462D4100044AC93 /* ITS_FirebaseManager.m */,
				D1D22033246302B80044AC93 /* ITS_ServiceErrorHandler.h */,
				D1D22034246302B80044AC93 /* ITS_ServiceErrorHandler.m */,
			);
			path = ITS_Services;
			sourceTree = "<group>";
		};
		D1D2202C2462EBC90044AC93 /* VIewModels */ = {
			isa = PBXGroup;
			children = (
				D1D2202D2462EBDD0044AC93 /* ITS_LoginViewModel.h */,
				D1D2202E2462EBDD0044AC93 /* ITS_LoginViewModel.m */,
			);
			path = VIewModels;
			sourceTree = "<group>";
		};
/* End PBXGroup section */

/* Begin PBXNativeTarget section */
		D1D21FC7246171C70044AC93 /* MediApp */ = {
			isa = PBXNativeTarget;
			buildConfigurationList = D1D21FFA246171C80044AC93 /* Build configuration list for PBXNativeTarget "MediApp" */;
			buildPhases = (
				9D5C0F3FCA23CD11AD9D9365 /* [CP] Check Pods Manifest.lock */,
				D1D21FC4246171C70044AC93 /* Sources */,
				D1D21FC5246171C70044AC93 /* Frameworks */,
				D1D21FC6246171C70044AC93 /* Resources */,
				F85504F50BE3A8DA080F0AE3 /* [CP] Embed Pods Frameworks */,
			);
			buildRules = (
			);
			dependencies = (
			);
			name = MediApp;
			productName = MediApp;
			productReference = D1D21FC8246171C70044AC93 /* MediApp.app */;
			productType = "com.apple.product-type.application";
		};
		D1D21FE5246171C80044AC93 /* MediAppTests */ = {
			isa = PBXNativeTarget;
			buildConfigurationList = D1D21FFD246171C80044AC93 /* Build configuration list for PBXNativeTarget "MediAppTests" */;
			buildPhases = (
				B0D553DBD46B7BFA2C9B83BD /* [CP] Check Pods Manifest.lock */,
				D1D21FE2246171C80044AC93 /* Sources */,
				D1D21FE3246171C80044AC93 /* Frameworks */,
				D1D21FE4246171C80044AC93 /* Resources */,
			);
			buildRules = (
			);
			dependencies = (
				D1D21FE8246171C80044AC93 /* PBXTargetDependency */,
			);
			name = MediAppTests;
			productName = MediAppTests;
			productReference = D1D21FE6246171C80044AC93 /* MediAppTests.xctest */;
			productType = "com.apple.product-type.bundle.unit-test";
		};
		D1D21FF0246171C80044AC93 /* MediAppUITests */ = {
			isa = PBXNativeTarget;
			buildConfigurationList = D1D22000246171C80044AC93 /* Build configuration list for PBXNativeTarget "MediAppUITests" */;
			buildPhases = (
				B796B232AF9C45A39DC1D864 /* [CP] Check Pods Manifest.lock */,
				D1D21FED246171C80044AC93 /* Sources */,
				D1D21FEE246171C80044AC93 /* Frameworks */,
				D1D21FEF246171C80044AC93 /* Resources */,
				9E8BAC82F8BF690E5AC3A69E /* [CP] Embed Pods Frameworks */,
			);
			buildRules = (
			);
			dependencies = (
				D1D21FF3246171C80044AC93 /* PBXTargetDependency */,
			);
			name = MediAppUITests;
			productName = MediAppUITests;
			productReference = D1D21FF1246171C80044AC93 /* MediAppUITests.xctest */;
			productType = "com.apple.product-type.bundle.ui-testing";
		};
/* End PBXNativeTarget section */

/* Begin PBXProject section */
		D1D21FC0246171C60044AC93 /* Project object */ = {
			isa = PBXProject;
			attributes = {
				LastUpgradeCheck = 1130;
				ORGANIZATIONNAME = "Bernardo Miguel Nunes Ribeiro";
				TargetAttributes = {
					D1D21FC7246171C70044AC93 = {
						CreatedOnToolsVersion = 11.3.1;
					};
					D1D21FE5246171C80044AC93 = {
						CreatedOnToolsVersion = 11.3.1;
						TestTargetID = D1D21FC7246171C70044AC93;
					};
					D1D21FF0246171C80044AC93 = {
						CreatedOnToolsVersion = 11.3.1;
						TestTargetID = D1D21FC7246171C70044AC93;
					};
				};
			};
			buildConfigurationList = D1D21FC3246171C60044AC93 /* Build configuration list for PBXProject "MediApp" */;
			compatibilityVersion = "Xcode 9.3";
			developmentRegion = en;
			hasScannedForEncodings = 0;
			knownRegions = (
				en,
				Base,
			);
			mainGroup = D1D21FBF246171C60044AC93;
			productRefGroup = D1D21FC9246171C70044AC93 /* Products */;
			projectDirPath = "";
			projectRoot = "";
			targets = (
				D1D21FC7246171C70044AC93 /* MediApp */,
				D1D21FE5246171C80044AC93 /* MediAppTests */,
				D1D21FF0246171C80044AC93 /* MediAppUITests */,
			);
		};
/* End PBXProject section */

/* Begin PBXResourcesBuildPhase section */
		D1D21FC6246171C70044AC93 /* Resources */ = {
			isa = PBXResourcesBuildPhase;
			buildActionMask = 2147483647;
			files = (
				D1D2201A2461B14D0044AC93 /* SF-Pro-Text-Semibold.otf in Resources */,
				D1D2201B2461B14D0044AC93 /* SF-Pro-Text-Regular.otf in Resources */,
				D1D2201C2461B14D0044AC93 /* SF-Pro-Text-RegularItalic.otf in Resources */,
				D1D2201D2461B14D0044AC93 /* SF-Pro-Text-SemiboldItalic.otf in Resources */,
				D1D21FDE246171C80044AC93 /* LaunchScreen.storyboard in Resources */,
				D1D220042461759A0044AC93 /* GoogleService-Info.plist in Resources */,
				D1D220192461AD090044AC93 /* ITS_TextFieldComponent.xib in Resources */,
				D1D21FDB246171C80044AC93 /* Assets.xcassets in Resources */,
				D1D21FD6246171C70044AC93 /* Main.storyboard in Resources */,
			);
			runOnlyForDeploymentPostprocessing = 0;
		};
		D1D21FE4246171C80044AC93 /* Resources */ = {
			isa = PBXResourcesBuildPhase;
			buildActionMask = 2147483647;
			files = (
			);
			runOnlyForDeploymentPostprocessing = 0;
		};
		D1D21FEF246171C80044AC93 /* Resources */ = {
			isa = PBXResourcesBuildPhase;
			buildActionMask = 2147483647;
			files = (
			);
			runOnlyForDeploymentPostprocessing = 0;
		};
/* End PBXResourcesBuildPhase section */

/* Begin PBXShellScriptBuildPhase section */
		9D5C0F3FCA23CD11AD9D9365 /* [CP] Check Pods Manifest.lock */ = {
			isa = PBXShellScriptBuildPhase;
			buildActionMask = 2147483647;
			files = (
			);
			inputFileListPaths = (
			);
			inputPaths = (
				"${PODS_PODFILE_DIR_PATH}/Podfile.lock",
				"${PODS_ROOT}/Manifest.lock",
			);
			name = "[CP] Check Pods Manifest.lock";
			outputFileListPaths = (
			);
			outputPaths = (
				"$(DERIVED_FILE_DIR)/Pods-MediApp-checkManifestLockResult.txt",
			);
			runOnlyForDeploymentPostprocessing = 0;
			shellPath = /bin/sh;
			shellScript = "diff \"${PODS_PODFILE_DIR_PATH}/Podfile.lock\" \"${PODS_ROOT}/Manifest.lock\" > /dev/null\nif [ $? != 0 ] ; then\n    # print error to STDERR\n    echo \"error: The sandbox is not in sync with the Podfile.lock. Run 'pod install' or update your CocoaPods installation.\" >&2\n    exit 1\nfi\n# This output is used by Xcode 'outputs' to avoid re-running this script phase.\necho \"SUCCESS\" > \"${SCRIPT_OUTPUT_FILE_0}\"\n";
			showEnvVarsInLog = 0;
		};
		9E8BAC82F8BF690E5AC3A69E /* [CP] Embed Pods Frameworks */ = {
			isa = PBXShellScriptBuildPhase;
			buildActionMask = 2147483647;
			files = (
			);
			inputFileListPaths = (
				"${PODS_ROOT}/Target Support Files/Pods-MediApp-MediAppUITests/Pods-MediApp-MediAppUITests-frameworks-${CONFIGURATION}-input-files.xcfilelist",
			);
			name = "[CP] Embed Pods Frameworks";
			outputFileListPaths = (
				"${PODS_ROOT}/Target Support Files/Pods-MediApp-MediAppUITests/Pods-MediApp-MediAppUITests-frameworks-${CONFIGURATION}-output-files.xcfilelist",
			);
			runOnlyForDeploymentPostprocessing = 0;
			shellPath = /bin/sh;
			shellScript = "\"${PODS_ROOT}/Target Support Files/Pods-MediApp-MediAppUITests/Pods-MediApp-MediAppUITests-frameworks.sh\"\n";
			showEnvVarsInLog = 0;
		};
		B0D553DBD46B7BFA2C9B83BD /* [CP] Check Pods Manifest.lock */ = {
			isa = PBXShellScriptBuildPhase;
			buildActionMask = 2147483647;
			files = (
			);
			inputFileListPaths = (
			);
			inputPaths = (
				"${PODS_PODFILE_DIR_PATH}/Podfile.lock",
				"${PODS_ROOT}/Manifest.lock",
			);
			name = "[CP] Check Pods Manifest.lock";
			outputFileListPaths = (
			);
			outputPaths = (
				"$(DERIVED_FILE_DIR)/Pods-MediAppTests-checkManifestLockResult.txt",
			);
			runOnlyForDeploymentPostprocessing = 0;
			shellPath = /bin/sh;
			shellScript = "diff \"${PODS_PODFILE_DIR_PATH}/Podfile.lock\" \"${PODS_ROOT}/Manifest.lock\" > /dev/null\nif [ $? != 0 ] ; then\n    # print error to STDERR\n    echo \"error: The sandbox is not in sync with the Podfile.lock. Run 'pod install' or update your CocoaPods installation.\" >&2\n    exit 1\nfi\n# This output is used by Xcode 'outputs' to avoid re-running this script phase.\necho \"SUCCESS\" > \"${SCRIPT_OUTPUT_FILE_0}\"\n";
			showEnvVarsInLog = 0;
		};
		B796B232AF9C45A39DC1D864 /* [CP] Check Pods Manifest.lock */ = {
			isa = PBXShellScriptBuildPhase;
			buildActionMask = 2147483647;
			files = (
			);
			inputFileListPaths = (
			);
			inputPaths = (
				"${PODS_PODFILE_DIR_PATH}/Podfile.lock",
				"${PODS_ROOT}/Manifest.lock",
			);
			name = "[CP] Check Pods Manifest.lock";
			outputFileListPaths = (
			);
			outputPaths = (
				"$(DERIVED_FILE_DIR)/Pods-MediApp-MediAppUITests-checkManifestLockResult.txt",
			);
			runOnlyForDeploymentPostprocessing = 0;
			shellPath = /bin/sh;
			shellScript = "diff \"${PODS_PODFILE_DIR_PATH}/Podfile.lock\" \"${PODS_ROOT}/Manifest.lock\" > /dev/null\nif [ $? != 0 ] ; then\n    # print error to STDERR\n    echo \"error: The sandbox is not in sync with the Podfile.lock. Run 'pod install' or update your CocoaPods installation.\" >&2\n    exit 1\nfi\n# This output is used by Xcode 'outputs' to avoid re-running this script phase.\necho \"SUCCESS\" > \"${SCRIPT_OUTPUT_FILE_0}\"\n";
			showEnvVarsInLog = 0;
		};
		F85504F50BE3A8DA080F0AE3 /* [CP] Embed Pods Frameworks */ = {
			isa = PBXShellScriptBuildPhase;
			buildActionMask = 2147483647;
			files = (
			);
			inputFileListPaths = (
				"${PODS_ROOT}/Target Support Files/Pods-MediApp/Pods-MediApp-frameworks-${CONFIGURATION}-input-files.xcfilelist",
			);
			name = "[CP] Embed Pods Frameworks";
			outputFileListPaths = (
				"${PODS_ROOT}/Target Support Files/Pods-MediApp/Pods-MediApp-frameworks-${CONFIGURATION}-output-files.xcfilelist",
			);
			runOnlyForDeploymentPostprocessing = 0;
			shellPath = /bin/sh;
			shellScript = "\"${PODS_ROOT}/Target Support Files/Pods-MediApp/Pods-MediApp-frameworks.sh\"\n";
			showEnvVarsInLog = 0;
		};
/* End PBXShellScriptBuildPhase section */

/* Begin PBXSourcesBuildPhase section */
		D1D21FC4246171C70044AC93 /* Sources */ = {
			isa = PBXSourcesBuildPhase;
			buildActionMask = 2147483647;
			files = (
				D1D21FE1246171C80044AC93 /* main.m in Sources */,
				D1D2200A24617E700044AC93 /* ITS_LoginViewController.m in Sources */,
				D1D2200F2461860F0044AC93 /* ITS_Colors.m in Sources */,
				D1D2202F2462EBDD0044AC93 /* ITS_LoginViewModel.m in Sources */,
				D1D22035246302B80044AC93 /* ITS_ServiceErrorHandler.m in Sources */,
				D1D21FD9246171C70044AC93 /* MediApp.xcdatamodeld in Sources */,
				D1D220172461ACFB0044AC93 /* ITS_TextFieldComponent.m in Sources */,
				D1D220202462AA740044AC93 /* ITS_ViewController.m in Sources */,
				D1D21FCD246171C70044AC93 /* AppDelegate.m in Sources */,
				D1D220282462D4100044AC93 /* ITS_FirebaseManager.m in Sources */,
				D1D220242462B4AC0044AC93 /* ITS_Enums.m in Sources */,
				D1D21FD0246171C70044AC93 /* SceneDelegate.m in Sources */,
				D1D2202B2462D4270044AC93 /* ITS_Repository.m in Sources */,
			);
			runOnlyForDeploymentPostprocessing = 0;
		};
		D1D21FE2246171C80044AC93 /* Sources */ = {
			isa = PBXSourcesBuildPhase;
			buildActionMask = 2147483647;
			files = (
				D1D21FEB246171C80044AC93 /* MediAppTests.m in Sources */,
			);
			runOnlyForDeploymentPostprocessing = 0;
		};
		D1D21FED246171C80044AC93 /* Sources */ = {
			isa = PBXSourcesBuildPhase;
			buildActionMask = 2147483647;
			files = (
				D1D21FF6246171C80044AC93 /* MediAppUITests.m in Sources */,
			);
			runOnlyForDeploymentPostprocessing = 0;
		};
/* End PBXSourcesBuildPhase section */

/* Begin PBXTargetDependency section */
		D1D21FE8246171C80044AC93 /* PBXTargetDependency */ = {
			isa = PBXTargetDependency;
			target = D1D21FC7246171C70044AC93 /* MediApp */;
			targetProxy = D1D21FE7246171C80044AC93 /* PBXContainerItemProxy */;
		};
		D1D21FF3246171C80044AC93 /* PBXTargetDependency */ = {
			isa = PBXTargetDependency;
			target = D1D21FC7246171C70044AC93 /* MediApp */;
			targetProxy = D1D21FF2246171C80044AC93 /* PBXContainerItemProxy */;
		};
/* End PBXTargetDependency section */

/* Begin PBXVariantGroup section */
		D1D21FD4246171C70044AC93 /* Main.storyboard */ = {
			isa = PBXVariantGroup;
			children = (
				D1D21FD5246171C70044AC93 /* Base */,
			);
			name = Main.storyboard;
			sourceTree = "<group>";
		};
		D1D21FDC246171C80044AC93 /* LaunchScreen.storyboard */ = {
			isa = PBXVariantGroup;
			children = (
				D1D21FDD246171C80044AC93 /* Base */,
			);
			name = LaunchScreen.storyboard;
			sourceTree = "<group>";
		};
/* End PBXVariantGroup section */

/* Begin XCBuildConfiguration section */
		D1D21FF8246171C80044AC93 /* Debug */ = {
			isa = XCBuildConfiguration;
			buildSettings = {
				ALWAYS_SEARCH_USER_PATHS = NO;
				CLANG_ANALYZER_NONNULL = YES;
				CLANG_ANALYZER_NUMBER_OBJECT_CONVERSION = YES_AGGRESSIVE;
				CLANG_CXX_LANGUAGE_STANDARD = "gnu++14";
				CLANG_CXX_LIBRARY = "libc++";
				CLANG_ENABLE_MODULES = YES;
				CLANG_ENABLE_OBJC_ARC = YES;
				CLANG_ENABLE_OBJC_WEAK = YES;
				CLANG_WARN_BLOCK_CAPTURE_AUTORELEASING = YES;
				CLANG_WARN_BOOL_CONVERSION = YES;
				CLANG_WARN_COMMA = YES;
				CLANG_WARN_CONSTANT_CONVERSION = YES;
				CLANG_WARN_DEPRECATED_OBJC_IMPLEMENTATIONS = YES;
				CLANG_WARN_DIRECT_OBJC_ISA_USAGE = YES_ERROR;
				CLANG_WARN_DOCUMENTATION_COMMENTS = YES;
				CLANG_WARN_EMPTY_BODY = YES;
				CLANG_WARN_ENUM_CONVERSION = YES;
				CLANG_WARN_INFINITE_RECURSION = YES;
				CLANG_WARN_INT_CONVERSION = YES;
				CLANG_WARN_NON_LITERAL_NULL_CONVERSION = YES;
				CLANG_WARN_OBJC_IMPLICIT_RETAIN_SELF = YES;
				CLANG_WARN_OBJC_LITERAL_CONVERSION = YES;
				CLANG_WARN_OBJC_ROOT_CLASS = YES_ERROR;
				CLANG_WARN_RANGE_LOOP_ANALYSIS = YES;
				CLANG_WARN_STRICT_PROTOTYPES = YES;
				CLANG_WARN_SUSPICIOUS_MOVE = YES;
				CLANG_WARN_UNGUARDED_AVAILABILITY = YES_AGGRESSIVE;
				CLANG_WARN_UNREACHABLE_CODE = YES;
				CLANG_WARN__DUPLICATE_METHOD_MATCH = YES;
				COPY_PHASE_STRIP = NO;
				DEBUG_INFORMATION_FORMAT = dwarf;
				ENABLE_STRICT_OBJC_MSGSEND = YES;
				ENABLE_TESTABILITY = YES;
				GCC_C_LANGUAGE_STANDARD = gnu11;
				GCC_DYNAMIC_NO_PIC = NO;
				GCC_NO_COMMON_BLOCKS = YES;
				GCC_OPTIMIZATION_LEVEL = 0;
				GCC_PREPROCESSOR_DEFINITIONS = (
					"DEBUG=1",
					"$(inherited)",
				);
				GCC_WARN_64_TO_32_BIT_CONVERSION = YES;
				GCC_WARN_ABOUT_RETURN_TYPE = YES_ERROR;
				GCC_WARN_UNDECLARED_SELECTOR = YES;
				GCC_WARN_UNINITIALIZED_AUTOS = YES_AGGRESSIVE;
				GCC_WARN_UNUSED_FUNCTION = YES;
				GCC_WARN_UNUSED_VARIABLE = YES;
				IPHONEOS_DEPLOYMENT_TARGET = 13.2;
				MTL_ENABLE_DEBUG_INFO = INCLUDE_SOURCE;
				MTL_FAST_MATH = YES;
				ONLY_ACTIVE_ARCH = YES;
				SDKROOT = iphoneos;
			};
			name = Debug;
		};
		D1D21FF9246171C80044AC93 /* Release */ = {
			isa = XCBuildConfiguration;
			buildSettings = {
				ALWAYS_SEARCH_USER_PATHS = NO;
				CLANG_ANALYZER_NONNULL = YES;
				CLANG_ANALYZER_NUMBER_OBJECT_CONVERSION = YES_AGGRESSIVE;
				CLANG_CXX_LANGUAGE_STANDARD = "gnu++14";
				CLANG_CXX_LIBRARY = "libc++";
				CLANG_ENABLE_MODULES = YES;
				CLANG_ENABLE_OBJC_ARC = YES;
				CLANG_ENABLE_OBJC_WEAK = YES;
				CLANG_WARN_BLOCK_CAPTURE_AUTORELEASING = YES;
				CLANG_WARN_BOOL_CONVERSION = YES;
				CLANG_WARN_COMMA = YES;
				CLANG_WARN_CONSTANT_CONVERSION = YES;
				CLANG_WARN_DEPRECATED_OBJC_IMPLEMENTATIONS = YES;
				CLANG_WARN_DIRECT_OBJC_ISA_USAGE = YES_ERROR;
				CLANG_WARN_DOCUMENTATION_COMMENTS = YES;
				CLANG_WARN_EMPTY_BODY = YES;
				CLANG_WARN_ENUM_CONVERSION = YES;
				CLANG_WARN_INFINITE_RECURSION = YES;
				CLANG_WARN_INT_CONVERSION = YES;
				CLANG_WARN_NON_LITERAL_NULL_CONVERSION = YES;
				CLANG_WARN_OBJC_IMPLICIT_RETAIN_SELF = YES;
				CLANG_WARN_OBJC_LITERAL_CONVERSION = YES;
				CLANG_WARN_OBJC_ROOT_CLASS = YES_ERROR;
				CLANG_WARN_RANGE_LOOP_ANALYSIS = YES;
				CLANG_WARN_STRICT_PROTOTYPES = YES;
				CLANG_WARN_SUSPICIOUS_MOVE = YES;
				CLANG_WARN_UNGUARDED_AVAILABILITY = YES_AGGRESSIVE;
				CLANG_WARN_UNREACHABLE_CODE = YES;
				CLANG_WARN__DUPLICATE_METHOD_MATCH = YES;
				COPY_PHASE_STRIP = NO;
				DEBUG_INFORMATION_FORMAT = "dwarf-with-dsym";
				ENABLE_NS_ASSERTIONS = NO;
				ENABLE_STRICT_OBJC_MSGSEND = YES;
				GCC_C_LANGUAGE_STANDARD = gnu11;
				GCC_NO_COMMON_BLOCKS = YES;
				GCC_WARN_64_TO_32_BIT_CONVERSION = YES;
				GCC_WARN_ABOUT_RETURN_TYPE = YES_ERROR;
				GCC_WARN_UNDECLARED_SELECTOR = YES;
				GCC_WARN_UNINITIALIZED_AUTOS = YES_AGGRESSIVE;
				GCC_WARN_UNUSED_FUNCTION = YES;
				GCC_WARN_UNUSED_VARIABLE = YES;
				IPHONEOS_DEPLOYMENT_TARGET = 13.2;
				MTL_ENABLE_DEBUG_INFO = NO;
				MTL_FAST_MATH = YES;
				SDKROOT = iphoneos;
				VALIDATE_PRODUCT = YES;
			};
			name = Release;
		};
		D1D21FFB246171C80044AC93 /* Debug */ = {
			isa = XCBuildConfiguration;
			baseConfigurationReference = 17CBA3656AFF1A99ACC62390 /* Pods-MediApp.debug.xcconfig */;
			buildSettings = {
				ASSETCATALOG_COMPILER_APPICON_NAME = AppIcon;
				CODE_SIGN_STYLE = Automatic;
				INFOPLIST_FILE = MediApp/Info.plist;
				LD_RUNPATH_SEARCH_PATHS = (
					"$(inherited)",
					"@executable_path/Frameworks",
				);
				PRODUCT_BUNDLE_IDENTIFIER = bernardo.ribeiro.MediApp;
				PRODUCT_NAME = "$(TARGET_NAME)";
				TARGETED_DEVICE_FAMILY = "1,2";
			};
			name = Debug;
		};
		D1D21FFC246171C80044AC93 /* Release */ = {
			isa = XCBuildConfiguration;
			baseConfigurationReference = 655A3939EC4F54B73E0177AD /* Pods-MediApp.release.xcconfig */;
			buildSettings = {
				ASSETCATALOG_COMPILER_APPICON_NAME = AppIcon;
				CODE_SIGN_STYLE = Automatic;
				INFOPLIST_FILE = MediApp/Info.plist;
				LD_RUNPATH_SEARCH_PATHS = (
					"$(inherited)",
					"@executable_path/Frameworks",
				);
				PRODUCT_BUNDLE_IDENTIFIER = bernardo.ribeiro.MediApp;
				PRODUCT_NAME = "$(TARGET_NAME)";
				TARGETED_DEVICE_FAMILY = "1,2";
			};
			name = Release;
		};
		D1D21FFE246171C80044AC93 /* Debug */ = {
			isa = XCBuildConfiguration;
			baseConfigurationReference = CC47EFABBA977A39C3AE20BC /* Pods-MediAppTests.debug.xcconfig */;
			buildSettings = {
				BUNDLE_LOADER = "$(TEST_HOST)";
				CODE_SIGN_STYLE = Automatic;
				INFOPLIST_FILE = MediAppTests/Info.plist;
				IPHONEOS_DEPLOYMENT_TARGET = 13.2;
				LD_RUNPATH_SEARCH_PATHS = (
					"$(inherited)",
					"@executable_path/Frameworks",
					"@loader_path/Frameworks",
				);
				PRODUCT_BUNDLE_IDENTIFIER = bernardo.ribeiro.MediAppTests;
				PRODUCT_NAME = "$(TARGET_NAME)";
				TARGETED_DEVICE_FAMILY = "1,2";
				TEST_HOST = "$(BUILT_PRODUCTS_DIR)/MediApp.app/MediApp";
			};
			name = Debug;
		};
		D1D21FFF246171C80044AC93 /* Release */ = {
			isa = XCBuildConfiguration;
			baseConfigurationReference = 724613EC9AE1B341FD50BE85 /* Pods-MediAppTests.release.xcconfig */;
			buildSettings = {
				BUNDLE_LOADER = "$(TEST_HOST)";
				CODE_SIGN_STYLE = Automatic;
				INFOPLIST_FILE = MediAppTests/Info.plist;
				IPHONEOS_DEPLOYMENT_TARGET = 13.2;
				LD_RUNPATH_SEARCH_PATHS = (
					"$(inherited)",
					"@executable_path/Frameworks",
					"@loader_path/Frameworks",
				);
				PRODUCT_BUNDLE_IDENTIFIER = bernardo.ribeiro.MediAppTests;
				PRODUCT_NAME = "$(TARGET_NAME)";
				TARGETED_DEVICE_FAMILY = "1,2";
				TEST_HOST = "$(BUILT_PRODUCTS_DIR)/MediApp.app/MediApp";
			};
			name = Release;
		};
		D1D22001246171C80044AC93 /* Debug */ = {
			isa = XCBuildConfiguration;
			baseConfigurationReference = 254DE9D0F18D0F7F390E6877 /* Pods-MediApp-MediAppUITests.debug.xcconfig */;
			buildSettings = {
				CODE_SIGN_STYLE = Automatic;
				INFOPLIST_FILE = MediAppUITests/Info.plist;
				LD_RUNPATH_SEARCH_PATHS = (
					"$(inherited)",
					"@executable_path/Frameworks",
					"@loader_path/Frameworks",
				);
				PRODUCT_BUNDLE_IDENTIFIER = bernardo.ribeiro.MediAppUITests;
				PRODUCT_NAME = "$(TARGET_NAME)";
				TARGETED_DEVICE_FAMILY = "1,2";
				TEST_TARGET_NAME = MediApp;
			};
			name = Debug;
		};
		D1D22002246171C80044AC93 /* Release */ = {
			isa = XCBuildConfiguration;
			baseConfigurationReference = 24B027625AFE71BCBC7BF99E /* Pods-MediApp-MediAppUITests.release.xcconfig */;
			buildSettings = {
				CODE_SIGN_STYLE = Automatic;
				INFOPLIST_FILE = MediAppUITests/Info.plist;
				LD_RUNPATH_SEARCH_PATHS = (
					"$(inherited)",
					"@executable_path/Frameworks",
					"@loader_path/Frameworks",
				);
				PRODUCT_BUNDLE_IDENTIFIER = bernardo.ribeiro.MediAppUITests;
				PRODUCT_NAME = "$(TARGET_NAME)";
				TARGETED_DEVICE_FAMILY = "1,2";
				TEST_TARGET_NAME = MediApp;
			};
			name = Release;
		};
/* End XCBuildConfiguration section */

/* Begin XCConfigurationList section */
		D1D21FC3246171C60044AC93 /* Build configuration list for PBXProject "MediApp" */ = {
			isa = XCConfigurationList;
			buildConfigurations = (
				D1D21FF8246171C80044AC93 /* Debug */,
				D1D21FF9246171C80044AC93 /* Release */,
			);
			defaultConfigurationIsVisible = 0;
			defaultConfigurationName = Release;
		};
		D1D21FFA246171C80044AC93 /* Build configuration list for PBXNativeTarget "MediApp" */ = {
			isa = XCConfigurationList;
			buildConfigurations = (
				D1D21FFB246171C80044AC93 /* Debug */,
				D1D21FFC246171C80044AC93 /* Release */,
			);
			defaultConfigurationIsVisible = 0;
			defaultConfigurationName = Release;
		};
		D1D21FFD246171C80044AC93 /* Build configuration list for PBXNativeTarget "MediAppTests" */ = {
			isa = XCConfigurationList;
			buildConfigurations = (
				D1D21FFE246171C80044AC93 /* Debug */,
				D1D21FFF246171C80044AC93 /* Release */,
			);
			defaultConfigurationIsVisible = 0;
			defaultConfigurationName = Release;
		};
		D1D22000246171C80044AC93 /* Build configuration list for PBXNativeTarget "MediAppUITests" */ = {
			isa = XCConfigurationList;
			buildConfigurations = (
				D1D22001246171C80044AC93 /* Debug */,
				D1D22002246171C80044AC93 /* Release */,
			);
			defaultConfigurationIsVisible = 0;
			defaultConfigurationName = Release;
		};
/* End XCConfigurationList section */

/* Begin XCVersionGroup section */
		D1D21FD7246171C70044AC93 /* MediApp.xcdatamodeld */ = {
			isa = XCVersionGroup;
			children = (
				D1D21FD8246171C70044AC93 /* MediApp.xcdatamodel */,
			);
			currentVersion = D1D21FD8246171C70044AC93 /* MediApp.xcdatamodel */;
			path = MediApp.xcdatamodeld;
			sourceTree = "<group>";
			versionGroupType = wrapper.xcdatamodel;
		};
/* End XCVersionGroup section */
	};
	rootObject = D1D21FC0246171C60044AC93 /* Project object */;
}
